
Microsoft Visual Studio Solution File, Format Version 11.00
# Visual Studio 2010
Project("{FAE04EC0-301F-11D3-BF4B-00C04F79EFBC}") = "Assembly-CSharp", "Assembly-CSharp.csproj", "{5D54B6E7-0982-3294-62CD-8940276DC85A}"
EndProject
Project("{FAE04EC0-301F-11D3-BF4B-00C04F79EFBC}") = "AstarPathfindingProject", "AstarPathfindingProject.csproj", "{863C0EE5-5996-7774-FAE7-317B5339CBE7}"
EndProject
Project("{FAE04EC0-301F-11D3-BF4B-00C04F79EFBC}") = "AstarPathfindingProjectEditor", "AstarPathfindingProjectEditor.csproj", "{50862CFA-E594-7710-413B-13918316094C}"
EndProject
Project("{FAE04EC0-301F-11D3-BF4B-00C04F79EFBC}") = "PackageToolsEditor", "PackageToolsEditor.csproj", "{64846053-456D-04FA-F330-2A122DD97B6E}"
EndProject
Project("{FAE04EC0-301F-11D3-BF4B-00C04F79EFBC}") = "Assembly-CSharp-Editor", "Assembly-CSharp-Editor.csproj", "{39431FBB-25B3-8715-BD07-C7BE4339BE33}"
EndProject
Global
	GlobalSection(SolutionConfigurationPlatforms) = preSolution
		Debug|Any CPU = Debug|Any CPU
		Release|Any CPU = Release|Any CPU
	EndGlobalSection
	GlobalSection(ProjectConfigurationPlatforms) = postSolution
		{5D54B6E7-0982-3294-62CD-8940276DC85A}.Debug|Any CPU.ActiveCfg = Debug|Any CPU
		{5D54B6E7-0982-3294-62CD-8940276DC85A}.Debug|Any CPU.Build.0 = Debug|Any CPU
		{5D54B6E7-0982-3294-62CD-8940276DC85A}.Release|Any CPU.ActiveCfg = Release|Any CPU
		{5D54B6E7-0982-3294-62CD-8940276DC85A}.Release|Any CPU.Build.0 = Release|Any CPU
		{863C0EE5-5996-7774-FAE7-317B5339CBE7}.Debug|Any CPU.ActiveCfg = Debug|Any CPU
		{863C0EE5-5996-7774-FAE7-317B5339CBE7}.Debug|Any CPU.Build.0 = Debug|Any CPU
		{863C0EE5-5996-7774-FAE7-317B5339CBE7}.Release|Any CPU.ActiveCfg = Release|Any CPU
		{863C0EE5-5996-7774-FAE7-317B5339CBE7}.Release|Any CPU.Build.0 = Release|Any CPU
		{50862CFA-E594-7710-413B-13918316094C}.Debug|Any CPU.ActiveCfg = Debug|Any CPU
		{50862CFA-E594-7710-413B-13918316094C}.Debug|Any CPU.Build.0 = Debug|Any CPU
		{50862CFA-E594-7710-413B-13918316094C}.Release|Any CPU.ActiveCfg = Release|Any CPU
		{50862CFA-E594-7710-413B-13918316094C}.Release|Any CPU.Build.0 = Release|Any CPU
		{64846053-456D-04FA-F330-2A122DD97B6E}.Debug|Any CPU.ActiveCfg = Debug|Any CPU
		{64846053-456D-04FA-F330-2A122DD97B6E}.Debug|Any CPU.Build.0 = Debug|Any CPU
		{64846053-456D-04FA-F330-2A122DD97B6E}.Release|Any CPU.ActiveCfg = Release|Any CPU
		{64846053-456D-04FA-F330-2A122DD97B6E}.Release|Any CPU.Build.0 = Release|Any CPU
		{39431FBB-25B3-8715-BD07-C7BE4339BE33}.Debug|Any CPU.ActiveCfg = Debug|Any CPU
		{39431FBB-25B3-8715-BD07-C7BE4339BE33}.Debug|Any CPU.Build.0 = Debug|Any CPU
		{39431FBB-25B3-8715-BD07-C7BE4339BE33}.Release|Any CPU.ActiveCfg = Release|Any CPU
		{39431FBB-25B3-8715-BD07-C7BE4339BE33}.Release|Any CPU.Build.0 = Release|Any CPU
	EndGlobalSection
	GlobalSection(SolutionProperties) = preSolution
		HideSolutionNode = FALSE
	EndGlobalSection
	GlobalSection(MonoDevelopProperties) = preSolution
		StartupItem = Assembly-CSharp.csproj
	EndGlobalSection
EndGlobal
